
Microsoft Visual Studio Solution File, Format Version 12.00
# Visual Studio Version 17
VisualStudioVersion = 17.7.34003.232
MinimumVisualStudioVersion = 10.0.40219.1
Project("{FAE04EC0-301F-11D3-BF4B-00C04F79EFBC}") = "Lab2Convertor", "Lab2Convertor\Lab2Convertor.csproj", "{CE290137-2B3C-4291-801F-F464F3C1ABEE}"
EndProject
Global
	GlobalSection(SolutionConfigurationPlatforms) = preSolution
		Debug|Any CPU = Debug|Any CPU
		Release|Any CPU = Release|Any CPU
	EndGlobalSection
	GlobalSection(ProjectConfigurationPlatforms) = postSolution
		{CE290137-2B3C-4291-801F-F464F3C1ABEE}.Debug|Any CPU.ActiveCfg = Debug|Any CPU
		{CE290137-2B3C-4291-801F-F464F3C1ABEE}.Debug|Any CPU.Build.0 = Debug|Any CPU
		{CE290137-2B3C-4291-801F-F464F3C1ABEE}.Release|Any CPU.ActiveCfg = Release|Any CPU
		{CE290137-2B3C-4291-801F-F464F3C1ABEE}.Release|Any CPU.Build.0 = Release|Any CPU
	EndGlobalSection
	GlobalSection(SolutionProperties) = preSolution
		HideSolutionNode = FALSE
	EndGlobalSection
	GlobalSection(ExtensibilityGlobals) = postSolution
		SolutionGuid = {222B6226-D2AA-46FA-8380-FFFDDB503777}
	EndGlobalSection
EndGlobal
